{
  "originHash" : "caf7af710b9bbf446e970ae89bd8e5d9ae478c7fe1b8fd9daa01b0fd6647f1b9",
  "pins" : [
    {
      "identity" : "combine-schedulers",
      "kind" : "remoteSourceControl",
      "location" : "https://github.com/pointfreeco/combine-schedulers",
      "state" : {
        "revision" : "9fa31f4403da54855f1e2aeaeff478f4f0e40b13",
        "version" : "1.0.2"
      }
    },
    {
      "identity" : "needle",
      "kind" : "remoteSourceControl",
      "location" : "https://github.com/uber/needle.git",
      "state" : {
        "branch" : "master",
        "revision" : "69f7a889d2736f2621c6083ac29e0a75d158f249"
      }
    },
    {
      "identity" : "swift-clocks",
      "kind" : "remoteSourceControl",
      "location" : "https://github.com/pointfreeco/swift-clocks",
      "state" : {
        "revision" : "b9b24b69e2adda099a1fa381cda1eeec272d5b53",
        "version" : "1.0.5"
      }
    },
    {
      "identity" : "swift-concurrency-extras",
      "kind" : "remoteSourceControl",
      "location" : "https://github.com/pointfreeco/swift-concurrency-extras",
      "state" : {
        "revision" : "bb5059bde9022d69ac516803f4f227d8ac967f71",
        "version" : "1.1.0"
      }
    },
    {
      "identity" : "swift-dependencies",
      "kind" : "remoteSourceControl",
      "location" : "https://github.com/pointfreeco/swift-dependencies",
      "state" : {
        "revision" : "fd1fb25b68fdb9756cd61d23dbd9e2614b340085",
        "version" : "1.4.0"
      }
    },
    {
      "identity" : "swift-syntax",
      "kind" : "remoteSourceControl",
      "location" : "https://github.com/swiftlang/swift-syntax",
      "state" : {
        "revision" : "cb53fa1bd3219b0b23ded7dfdd3b2baff266fd25",
        "version" : "600.0.0"
      }
    },
    {
      "identity" : "swinject",
      "kind" : "remoteSourceControl",
      "location" : "https://github.com/Swinject/Swinject",
      "state" : {
        "revision" : "be9dbcc7b86811bc131539a20c6f9c2d3e56919f",
        "version" : "2.9.1"
      }
    },
    {
      "identity" : "xctest-dynamic-overlay",
      "kind" : "remoteSourceControl",
      "location" : "https://github.com/pointfreeco/xctest-dynamic-overlay",
      "state" : {
        "revision" : "bc2a151366f2cd0e347274544933bc2acb00c9fe",
        "version" : "1.4.0"
      }
    }
  ],
  "version" : 3
}
